
Microsoft Visual Studio Solution File, Format Version 12.00
# Visual Studio Version 17
VisualStudioVersion = 17.7.34009.444
MinimumVisualStudioVersion = 10.0.40219.1
Project("{FAE04EC0-301F-11D3-BF4B-00C04F79EFBC}") = "projeto_final_bloco_01", "projeto_final_bloco_01.csproj", "{475AB57F-514D-471C-B56A-5604A8C4142E}"
EndProject
Global
	GlobalSection(SolutionConfigurationPlatforms) = preSolution
		Debug|Any CPU = Debug|Any CPU
		Release|Any CPU = Release|Any CPU
	EndGlobalSection
	GlobalSection(ProjectConfigurationPlatforms) = postSolution
		{475AB57F-514D-471C-B56A-5604A8C4142E}.Debug|Any CPU.ActiveCfg = Debug|Any CPU
		{475AB57F-514D-471C-B56A-5604A8C4142E}.Debug|Any CPU.Build.0 = Debug|Any CPU
		{475AB57F-514D-471C-B56A-5604A8C4142E}.Release|Any CPU.ActiveCfg = Release|Any CPU
		{475AB57F-514D-471C-B56A-5604A8C4142E}.Release|Any CPU.Build.0 = Release|Any CPU
	EndGlobalSection
	GlobalSection(SolutionProperties) = preSolution
		HideSolutionNode = FALSE
	EndGlobalSection
	GlobalSection(ExtensibilityGlobals) = postSolution
		SolutionGuid = {E3560569-6BCE-42B0-99CB-3430C0D53AEA}
	EndGlobalSection
EndGlobal
